
Microsoft Visual Studio Solution File, Format Version 12.00
# Visual Studio Version 16
VisualStudioVersion = 16.0.31727.386
MinimumVisualStudioVersion = 10.0.40219.1
Project("{FAE04EC0-301F-11D3-BF4B-00C04F79EFBC}") = "MathAssignment", "MathAssignment\MathAssignment.csproj", "{6797C223-7A33-4705-8BB6-D3DAC47977A3}"
EndProject
Project("{FAE04EC0-301F-11D3-BF4B-00C04F79EFBC}") = "StudentApp", "StudentApp\StudentApp.csproj", "{3D937026-5105-4093-B15A-514E3FFC7BA3}"
EndProject
Project("{2150E333-8FDC-42A3-9474-1A3956D46DE8}") = "Solution Items", "Solution Items", "{80298FF9-87D0-40AF-9D43-2EE8FE6EDEE1}"
EndProject
Project("{FAE04EC0-301F-11D3-BF4B-00C04F79EFBC}") = "NUnitTest", "NUnitTest\NUnitTest.csproj", "{9996F87C-FC7C-450C-9E0B-3CCCB6B95E29}"
EndProject
Global
	GlobalSection(SolutionConfigurationPlatforms) = preSolution
		Debug|Any CPU = Debug|Any CPU
		Release|Any CPU = Release|Any CPU
	EndGlobalSection
	GlobalSection(ProjectConfigurationPlatforms) = postSolution
		{6797C223-7A33-4705-8BB6-D3DAC47977A3}.Debug|Any CPU.ActiveCfg = Debug|Any CPU
		{6797C223-7A33-4705-8BB6-D3DAC47977A3}.Debug|Any CPU.Build.0 = Debug|Any CPU
		{6797C223-7A33-4705-8BB6-D3DAC47977A3}.Release|Any CPU.ActiveCfg = Release|Any CPU
		{6797C223-7A33-4705-8BB6-D3DAC47977A3}.Release|Any CPU.Build.0 = Release|Any CPU
		{3D937026-5105-4093-B15A-514E3FFC7BA3}.Debug|Any CPU.ActiveCfg = Debug|Any CPU
		{3D937026-5105-4093-B15A-514E3FFC7BA3}.Debug|Any CPU.Build.0 = Debug|Any CPU
		{3D937026-5105-4093-B15A-514E3FFC7BA3}.Release|Any CPU.ActiveCfg = Release|Any CPU
		{3D937026-5105-4093-B15A-514E3FFC7BA3}.Release|Any CPU.Build.0 = Release|Any CPU
		{9996F87C-FC7C-450C-9E0B-3CCCB6B95E29}.Debug|Any CPU.ActiveCfg = Debug|Any CPU
		{9996F87C-FC7C-450C-9E0B-3CCCB6B95E29}.Debug|Any CPU.Build.0 = Debug|Any CPU
		{9996F87C-FC7C-450C-9E0B-3CCCB6B95E29}.Release|Any CPU.ActiveCfg = Release|Any CPU
		{9996F87C-FC7C-450C-9E0B-3CCCB6B95E29}.Release|Any CPU.Build.0 = Release|Any CPU
	EndGlobalSection
	GlobalSection(SolutionProperties) = preSolution
		HideSolutionNode = FALSE
	EndGlobalSection
	GlobalSection(ExtensibilityGlobals) = postSolution
		SolutionGuid = {B6235C53-8C23-4150-9EBF-3205897BE403}
	EndGlobalSection
EndGlobal
